
Microsoft Visual Studio Solution File, Format Version 12.00
# Visual Studio Version 17
VisualStudioVersion = 17.12.35323.107
MinimumVisualStudioVersion = 10.0.40219.1
Project("{FAE04EC0-301F-11D3-BF4B-00C04F79EFBC}") = "EFCoreCodeFirstDemo", "EFCoreCodeFirstDemo\EFCoreCodeFirstDemo.csproj", "{9623B3EC-53E9-46FC-BDDE-1AA7DA178585}"
EndProject
Global
	GlobalSection(SolutionConfigurationPlatforms) = preSolution
		Debug|Any CPU = Debug|Any CPU
		Release|Any CPU = Release|Any CPU
	EndGlobalSection
	GlobalSection(ProjectConfigurationPlatforms) = postSolution
		{9623B3EC-53E9-46FC-BDDE-1AA7DA178585}.Debug|Any CPU.ActiveCfg = Debug|Any CPU
		{9623B3EC-53E9-46FC-BDDE-1AA7DA178585}.Debug|Any CPU.Build.0 = Debug|Any CPU
		{9623B3EC-53E9-46FC-BDDE-1AA7DA178585}.Release|Any CPU.ActiveCfg = Release|Any CPU
		{9623B3EC-53E9-46FC-BDDE-1AA7DA178585}.Release|Any CPU.Build.0 = Release|Any CPU
	EndGlobalSection
	GlobalSection(SolutionProperties) = preSolution
		HideSolutionNode = FALSE
	EndGlobalSection
	GlobalSection(ExtensibilityGlobals) = postSolution
		SolutionGuid = {775685A3-A759-4966-BFA3-21E68EBED9F1}
	EndGlobalSection
EndGlobal
